// !$*UTF8*$!
{
	archiveVersion = 1;
	classes = {
	};
	objectVersion = 50;
	objects = {

/* Begin PBXBuildFile section */
		8C494E7522BAFD170065F5F2 /* AppDelegate.swift in Sources */ = {isa = PBXBuildFile; fileRef = 8C494E7422BAFD170065F5F2 /* AppDelegate.swift */; };
		8C494E7722BAFD170065F5F2 /* SceneDelegate.swift in Sources */ = {isa = PBXBuildFile; fileRef = 8C494E7622BAFD170065F5F2 /* SceneDelegate.swift */; };
		8C494E7C22BAFD170065F5F2 /* Main.storyboard in Resources */ = {isa = PBXBuildFile; fileRef = 8C494E7A22BAFD170065F5F2 /* Main.storyboard */; };
		8C494E7E22BAFD190065F5F2 /* Assets.xcassets in Resources */ = {isa = PBXBuildFile; fileRef = 8C494E7D22BAFD190065F5F2 /* Assets.xcassets */; };
		8C494E8122BAFD190065F5F2 /* LaunchScreen.storyboard in Resources */ = {isa = PBXBuildFile; fileRef = 8C494E7F22BAFD190065F5F2 /* LaunchScreen.storyboard */; };
		8C6AE85722D298420002095E /* NewsDetails.swift in Sources */ = {isa = PBXBuildFile; fileRef = 8C6AE85622D298420002095E /* NewsDetails.swift */; };
		8C6AE85A22D2993B0002095E /* AppMenu.swift in Sources */ = {isa = PBXBuildFile; fileRef = 8C6AE85922D2993B0002095E /* AppMenu.swift */; };
		8CA3A5CB22BC3CC200A3092E /* NewsList.swift in Sources */ = {isa = PBXBuildFile; fileRef = 8CA3A5CA22BC3CC200A3092E /* NewsList.swift */; };
		8CA3A5CD22BC3D0400A3092E /* Constants.swift in Sources */ = {isa = PBXBuildFile; fileRef = 8CA3A5CC22BC3D0400A3092E /* Constants.swift */; };
		8CA3A5CF22BC467000A3092E /* News.swift in Sources */ = {isa = PBXBuildFile; fileRef = 8CA3A5CE22BC467000A3092E /* News.swift */; };
		8CA3A5D122BC4B8A00A3092E /* ArticlesRequest.swift in Sources */ = {isa = PBXBuildFile; fileRef = 8CA3A5D022BC4B8A00A3092E /* ArticlesRequest.swift */; };
		8CB89C2F22BD139600CDE748 /* NewsCell.swift in Sources */ = {isa = PBXBuildFile; fileRef = 8CB89C2E22BD139600CDE748 /* NewsCell.swift */; };
		8CB89C3322C403CA00CDE748 /* NewsImage.swift in Sources */ = {isa = PBXBuildFile; fileRef = 8CB89C3222C403CA00CDE748 /* NewsImage.swift */; };
		8CCC6A4222D4115C00653CA1 /* ArticleDetailView.swift in Sources */ = {isa = PBXBuildFile; fileRef = 8CCC6A4122D4115C00653CA1 /* ArticleDetailView.swift */; };
/* End PBXBuildFile section */

/* Begin PBXFileReference section */
		8C494E7122BAFD170065F5F2 /* newsApp.app */ = {isa = PBXFileReference; explicitFileType = wrapper.application; includeInIndex = 0; path = newsApp.app; sourceTree = BUILT_PRODUCTS_DIR; };
		8C494E7422BAFD170065F5F2 /* AppDelegate.swift */ = {isa = PBXFileReference; lastKnownFileType = sourcecode.swift; path = AppDelegate.swift; sourceTree = "<group>"; };
		8C494E7622BAFD170065F5F2 /* SceneDelegate.swift */ = {isa = PBXFileReference; lastKnownFileType = sourcecode.swift; path = SceneDelegate.swift; sourceTree = "<group>"; };
		8C494E7B22BAFD170065F5F2 /* Base */ = {isa = PBXFileReference; lastKnownFileType = file.storyboard; name = Base; path = Base.lproj/Main.storyboard; sourceTree = "<group>"; };
		8C494E7D22BAFD190065F5F2 /* Assets.xcassets */ = {isa = PBXFileReference; lastKnownFileType = folder.assetcatalog; path = Assets.xcassets; sourceTree = "<group>"; };
		8C494E8022BAFD190065F5F2 /* Base */ = {isa = PBXFileReference; lastKnownFileType = file.storyboard; name = Base; path = Base.lproj/LaunchScreen.storyboard; sourceTree = "<group>"; };
		8C494E8222BAFD190065F5F2 /* Info.plist */ = {isa = PBXFileReference; lastKnownFileType = text.plist.xml; path = Info.plist; sourceTree = "<group>"; };
		8C6AE85622D298420002095E /* NewsDetails.swift */ = {isa = PBXFileReference; lastKnownFileType = sourcecode.swift; path = NewsDetails.swift; sourceTree = "<group>"; };
		8C6AE85922D2993B0002095E /* AppMenu.swift */ = {isa = PBXFileReference; lastKnownFileType = sourcecode.swift; path = AppMenu.swift; sourceTree = "<group>"; };
		8CA3A5CA22BC3CC200A3092E /* NewsList.swift */ = {isa = PBXFileReference; lastKnownFileType = sourcecode.swift; path = NewsList.swift; sourceTree = "<group>"; };
		8CA3A5CC22BC3D0400A3092E /* Constants.swift */ = {isa = PBXFileReference; lastKnownFileType = sourcecode.swift; path = Constants.swift; sourceTree = "<group>"; };
		8CA3A5CE22BC467000A3092E /* News.swift */ = {isa = PBXFileReference; lastKnownFileType = sourcecode.swift; path = News.swift; sourceTree = "<group>"; };
		8CA3A5D022BC4B8A00A3092E /* ArticlesRequest.swift */ = {isa = PBXFileReference; lastKnownFileType = sourcecode.swift; path = ArticlesRequest.swift; sourceTree = "<group>"; };
		8CB89C2E22BD139600CDE748 /* NewsCell.swift */ = {isa = PBXFileReference; lastKnownFileType = sourcecode.swift; path = NewsCell.swift; sourceTree = "<group>"; };
		8CB89C3222C403CA00CDE748 /* NewsImage.swift */ = {isa = PBXFileReference; lastKnownFileType = sourcecode.swift; path = NewsImage.swift; sourceTree = "<group>"; };
		8CCC6A4122D4115C00653CA1 /* ArticleDetailView.swift */ = {isa = PBXFileReference; lastKnownFileType = sourcecode.swift; path = ArticleDetailView.swift; sourceTree = "<group>"; };
/* End PBXFileReference section */

/* Begin PBXFrameworksBuildPhase section */
		8C494E6E22BAFD170065F5F2 /* Frameworks */ = {
			isa = PBXFrameworksBuildPhase;
			buildActionMask = 2147483647;
			files = (
			);
			runOnlyForDeploymentPostprocessing = 0;
		};
/* End PBXFrameworksBuildPhase section */

/* Begin PBXGroup section */
		8C494E6822BAFD170065F5F2 = {
			isa = PBXGroup;
			children = (
				8C494E7322BAFD170065F5F2 /* newsApp */,
				8C494E7222BAFD170065F5F2 /* Products */,
			);
			sourceTree = "<group>";
		};
		8C494E7222BAFD170065F5F2 /* Products */ = {
			isa = PBXGroup;
			children = (
				8C494E7122BAFD170065F5F2 /* newsApp.app */,
			);
			name = Products;
			sourceTree = "<group>";
		};
		8C494E7322BAFD170065F5F2 /* newsApp */ = {
			isa = PBXGroup;
			children = (
				8CA3A5C922BC3CA800A3092E /* Utilities */,
				8CA3A5C822BC3CA200A3092E /* Services */,
				8CA3A5C722BC3C9D00A3092E /* Model */,
				8CA3A5C622BC3C9300A3092E /* View */,
				8CA3A5C522BC3C8A00A3092E /* Controller */,
				8C494E7422BAFD170065F5F2 /* AppDelegate.swift */,
				8C494E7622BAFD170065F5F2 /* SceneDelegate.swift */,
				8C494E7A22BAFD170065F5F2 /* Main.storyboard */,
				8C494E7D22BAFD190065F5F2 /* Assets.xcassets */,
				8C494E7F22BAFD190065F5F2 /* LaunchScreen.storyboard */,
				8C494E8222BAFD190065F5F2 /* Info.plist */,
			);
			path = newsApp;
			sourceTree = "<group>";
		};
		8CA3A5C522BC3C8A00A3092E /* Controller */ = {
			isa = PBXGroup;
			children = (
				8CA3A5CA22BC3CC200A3092E /* NewsList.swift */,
				8C6AE85622D298420002095E /* NewsDetails.swift */,
				8C6AE85922D2993B0002095E /* AppMenu.swift */,
			);
			path = Controller;
			sourceTree = "<group>";
		};
		8CA3A5C622BC3C9300A3092E /* View */ = {
			isa = PBXGroup;
			children = (
				8CB89C2E22BD139600CDE748 /* NewsCell.swift */,
				8CB89C3222C403CA00CDE748 /* NewsImage.swift */,
				8CCC6A4122D4115C00653CA1 /* ArticleDetailView.swift */,
			);
			path = View;
			sourceTree = "<group>";
		};
		8CA3A5C722BC3C9D00A3092E /* Model */ = {
			isa = PBXGroup;
			children = (
				8CA3A5CE22BC467000A3092E /* News.swift */,
			);
			path = Model;
			sourceTree = "<group>";
		};
		8CA3A5C822BC3CA200A3092E /* Services */ = {
			isa = PBXGroup;
			children = (
				8CA3A5D022BC4B8A00A3092E /* ArticlesRequest.swift */,
			);
			path = Services;
			sourceTree = "<group>";
		};
		8CA3A5C922BC3CA800A3092E /* Utilities */ = {
			isa = PBXGroup;
			children = (
				8CA3A5CC22BC3D0400A3092E /* Constants.swift */,
			);
			path = Utilities;
			sourceTree = "<group>";
		};
/* End PBXGroup section */

/* Begin PBXNativeTarget section */
		8C494E7022BAFD170065F5F2 /* newsApp */ = {
			isa = PBXNativeTarget;
			buildConfigurationList = 8C494E8522BAFD190065F5F2 /* Build configuration list for PBXNativeTarget "newsApp" */;
			buildPhases = (
				8C494E6D22BAFD170065F5F2 /* Sources */,
				8C494E6E22BAFD170065F5F2 /* Frameworks */,
				8C494E6F22BAFD170065F5F2 /* Resources */,
			);
			buildRules = (
			);
			dependencies = (
			);
			name = newsApp;
			productName = newsApp;
			productReference = 8C494E7122BAFD170065F5F2 /* newsApp.app */;
			productType = "com.apple.product-type.application";
		};
/* End PBXNativeTarget section */

/* Begin PBXProject section */
		8C494E6922BAFD170065F5F2 /* Project object */ = {
			isa = PBXProject;
			attributes = {
				LastSwiftUpdateCheck = 1100;
				LastUpgradeCheck = 1100;
				ORGANIZATIONNAME = "Daniel Garofalo";
				TargetAttributes = {
					8C494E7022BAFD170065F5F2 = {
						CreatedOnToolsVersion = 11.0;
					};
				};
			};
			buildConfigurationList = 8C494E6C22BAFD170065F5F2 /* Build configuration list for PBXProject "newsApp" */;
			compatibilityVersion = "Xcode 9.3";
			developmentRegion = en;
			hasScannedForEncodings = 0;
			knownRegions = (
				en,
				Base,
			);
			mainGroup = 8C494E6822BAFD170065F5F2;
			productRefGroup = 8C494E7222BAFD170065F5F2 /* Products */;
			projectDirPath = "";
			projectRoot = "";
			targets = (
				8C494E7022BAFD170065F5F2 /* newsApp */,
			);
		};
/* End PBXProject section */

/* Begin PBXResourcesBuildPhase section */
		8C494E6F22BAFD170065F5F2 /* Resources */ = {
			isa = PBXResourcesBuildPhase;
			buildActionMask = 2147483647;
			files = (
				8C494E8122BAFD190065F5F2 /* LaunchScreen.storyboard in Resources */,
				8C494E7E22BAFD190065F5F2 /* Assets.xcassets in Resources */,
				8C494E7C22BAFD170065F5F2 /* Main.storyboard in Resources */,
			);
			runOnlyForDeploymentPostprocessing = 0;
		};
/* End PBXResourcesBuildPhase section */

/* Begin PBXSourcesBuildPhase section */
		8C494E6D22BAFD170065F5F2 /* Sources */ = {
			isa = PBXSourcesBuildPhase;
			buildActionMask = 2147483647;
			files = (
				8CA3A5D122BC4B8A00A3092E /* ArticlesRequest.swift in Sources */,
				8CA3A5CB22BC3CC200A3092E /* NewsList.swift in Sources */,
				8CB89C3322C403CA00CDE748 /* NewsImage.swift in Sources */,
				8C494E7522BAFD170065F5F2 /* AppDelegate.swift in Sources */,
				8CB89C2F22BD139600CDE748 /* NewsCell.swift in Sources */,
				8C6AE85722D298420002095E /* NewsDetails.swift in Sources */,
				8C494E7722BAFD170065F5F2 /* SceneDelegate.swift in Sources */,
				8CA3A5CF22BC467000A3092E /* News.swift in Sources */,
				8C6AE85A22D2993B0002095E /* AppMenu.swift in Sources */,
				8CCC6A4222D4115C00653CA1 /* ArticleDetailView.swift in Sources */,
				8CA3A5CD22BC3D0400A3092E /* Constants.swift in Sources */,
			);
			runOnlyForDeploymentPostprocessing = 0;
		};
/* End PBXSourcesBuildPhase section */

/* Begin PBXVariantGroup section */
		8C494E7A22BAFD170065F5F2 /* Main.storyboard */ = {
			isa = PBXVariantGroup;
			children = (
				8C494E7B22BAFD170065F5F2 /* Base */,
			);
			name = Main.storyboard;
			sourceTree = "<group>";
		};
		8C494E7F22BAFD190065F5F2 /* LaunchScreen.storyboard */ = {
			isa = PBXVariantGroup;
			children = (
				8C494E8022BAFD190065F5F2 /* Base */,
			);
			name = LaunchScreen.storyboard;
			sourceTree = "<group>";
		};
/* End PBXVariantGroup section */

/* Begin XCBuildConfiguration section */
		8C494E8322BAFD190065F5F2 /* Debug */ = {
			isa = XCBuildConfiguration;
			buildSettings = {
				ALWAYS_SEARCH_USER_PATHS = NO;
				CLANG_ANALYZER_NONNULL = YES;
				CLANG_ANALYZER_NUMBER_OBJECT_CONVERSION = YES_AGGRESSIVE;
				CLANG_CXX_LANGUAGE_STANDARD = "gnu++14";
				CLANG_CXX_LIBRARY = "libc++";
				CLANG_ENABLE_MODULES = YES;
				CLANG_ENABLE_OBJC_ARC = YES;
				CLANG_ENABLE_OBJC_WEAK = YES;
				CLANG_WARN_BLOCK_CAPTURE_AUTORELEASING = YES;
				CLANG_WARN_BOOL_CONVERSION = YES;
				CLANG_WARN_COMMA = YES;
				CLANG_WARN_CONSTANT_CONVERSION = YES;
				CLANG_WARN_DEPRECATED_OBJC_IMPLEMENTATIONS = YES;
				CLANG_WARN_DIRECT_OBJC_ISA_USAGE = YES_ERROR;
				CLANG_WARN_DOCUMENTATION_COMMENTS = YES;
				CLANG_WARN_EMPTY_BODY = YES;
				CLANG_WARN_ENUM_CONVERSION = YES;
				CLANG_WARN_INFINITE_RECURSION = YES;
				CLANG_WARN_INT_CONVERSION = YES;
				CLANG_WARN_NON_LITERAL_NULL_CONVERSION = YES;
				CLANG_WARN_OBJC_IMPLICIT_RETAIN_SELF = YES;
				CLANG_WARN_OBJC_LITERAL_CONVERSION = YES;
				CLANG_WARN_OBJC_ROOT_CLASS = YES_ERROR;
				CLANG_WARN_RANGE_LOOP_ANALYSIS = YES;
				CLANG_WARN_STRICT_PROTOTYPES = YES;
				CLANG_WARN_SUSPICIOUS_MOVE = YES;
				CLANG_WARN_UNGUARDED_AVAILABILITY = YES_AGGRESSIVE;
				CLANG_WARN_UNREACHABLE_CODE = YES;
				CLANG_WARN__DUPLICATE_METHOD_MATCH = YES;
				COPY_PHASE_STRIP = NO;
				DEBUG_INFORMATION_FORMAT = dwarf;
				ENABLE_STRICT_OBJC_MSGSEND = YES;
				ENABLE_TESTABILITY = YES;
				GCC_C_LANGUAGE_STANDARD = gnu11;
				GCC_DYNAMIC_NO_PIC = NO;
				GCC_NO_COMMON_BLOCKS = YES;
				GCC_OPTIMIZATION_LEVEL = 0;
				GCC_PREPROCESSOR_DEFINITIONS = (
					"DEBUG=1",
					"$(inherited)",
				);
				GCC_WARN_64_TO_32_BIT_CONVERSION = YES;
				GCC_WARN_ABOUT_RETURN_TYPE = YES_ERROR;
				GCC_WARN_UNDECLARED_SELECTOR = YES;
				GCC_WARN_UNINITIALIZED_AUTOS = YES_AGGRESSIVE;
				GCC_WARN_UNUSED_FUNCTION = YES;
				GCC_WARN_UNUSED_VARIABLE = YES;
				IPHONEOS_DEPLOYMENT_TARGET = 13.0;
				MTL_ENABLE_DEBUG_INFO = INCLUDE_SOURCE;
				MTL_FAST_MATH = YES;
				ONLY_ACTIVE_ARCH = YES;
				SDKROOT = iphoneos;
				SWIFT_ACTIVE_COMPILATION_CONDITIONS = DEBUG;
				SWIFT_OPTIMIZATION_LEVEL = "-Onone";
			};
			name = Debug;
		};
		8C494E8422BAFD190065F5F2 /* Release */ = {
			isa = XCBuildConfiguration;
			buildSettings = {
				ALWAYS_SEARCH_USER_PATHS = NO;
				CLANG_ANALYZER_NONNULL = YES;
				CLANG_ANALYZER_NUMBER_OBJECT_CONVERSION = YES_AGGRESSIVE;
				CLANG_CXX_LANGUAGE_STANDARD = "gnu++14";
				CLANG_CXX_LIBRARY = "libc++";
				CLANG_ENABLE_MODULES = YES;
				CLANG_ENABLE_OBJC_ARC = YES;
				CLANG_ENABLE_OBJC_WEAK = YES;
				CLANG_WARN_BLOCK_CAPTURE_AUTORELEASING = YES;
				CLANG_WARN_BOOL_CONVERSION = YES;
				CLANG_WARN_COMMA = YES;
				CLANG_WARN_CONSTANT_CONVERSION = YES;
				CLANG_WARN_DEPRECATED_OBJC_IMPLEMENTATIONS = YES;
				CLANG_WARN_DIRECT_OBJC_ISA_USAGE = YES_ERROR;
				CLANG_WARN_DOCUMENTATION_COMMENTS = YES;
				CLANG_WARN_EMPTY_BODY = YES;
				CLANG_WARN_ENUM_CONVERSION = YES;
				CLANG_WARN_INFINITE_RECURSION = YES;
				CLANG_WARN_INT_CONVERSION = YES;
				CLANG_WARN_NON_LITERAL_NULL_CONVERSION = YES;
				CLANG_WARN_OBJC_IMPLICIT_RETAIN_SELF = YES;
				CLANG_WARN_OBJC_LITERAL_CONVERSION = YES;
				CLANG_WARN_OBJC_ROOT_CLASS = YES_ERROR;
				CLANG_WARN_RANGE_LOOP_ANALYSIS = YES;
				CLANG_WARN_STRICT_PROTOTYPES = YES;
				CLANG_WARN_SUSPICIOUS_MOVE = YES;
				CLANG_WARN_UNGUARDED_AVAILABILITY = YES_AGGRESSIVE;
				CLANG_WARN_UNREACHABLE_CODE = YES;
				CLANG_WARN__DUPLICATE_METHOD_MATCH = YES;
				COPY_PHASE_STRIP = NO;
				DEBUG_INFORMATION_FORMAT = "dwarf-with-dsym";
				ENABLE_NS_ASSERTIONS = NO;
				ENABLE_STRICT_OBJC_MSGSEND = YES;
				GCC_C_LANGUAGE_STANDARD = gnu11;
				GCC_NO_COMMON_BLOCKS = YES;
				GCC_WARN_64_TO_32_BIT_CONVERSION = YES;
				GCC_WARN_ABOUT_RETURN_TYPE = YES_ERROR;
				GCC_WARN_UNDECLARED_SELECTOR = YES;
				GCC_WARN_UNINITIALIZED_AUTOS = YES_AGGRESSIVE;
				GCC_WARN_UNUSED_FUNCTION = YES;
				GCC_WARN_UNUSED_VARIABLE = YES;
				IPHONEOS_DEPLOYMENT_TARGET = 13.0;
				MTL_ENABLE_DEBUG_INFO = NO;
				MTL_FAST_MATH = YES;
				SDKROOT = iphoneos;
				SWIFT_COMPILATION_MODE = wholemodule;
				SWIFT_OPTIMIZATION_LEVEL = "-O";
				VALIDATE_PRODUCT = YES;
			};
			name = Release;
		};
		8C494E8622BAFD190065F5F2 /* Debug */ = {
			isa = XCBuildConfiguration;
			buildSettings = {
				ASSETCATALOG_COMPILER_APPICON_NAME = AppIcon;
				CODE_SIGN_STYLE = Automatic;
				DEVELOPMENT_TEAM = 3JVSXR75A5;
				INFOPLIST_FILE = newsApp/Info.plist;
				LD_RUNPATH_SEARCH_PATHS = (
					"$(inherited)",
					"@executable_path/Frameworks",
				);
				PRODUCT_BUNDLE_IDENTIFIER = com.garofalo.newsApp;
				PRODUCT_NAME = "$(TARGET_NAME)";
				SWIFT_VERSION = 5.0;
				TARGETED_DEVICE_FAMILY = "1,2";
			};
			name = Debug;
		};
		8C494E8722BAFD190065F5F2 /* Release */ = {
			isa = XCBuildConfiguration;
			buildSettings = {
				ASSETCATALOG_COMPILER_APPICON_NAME = AppIcon;
				CODE_SIGN_STYLE = Automatic;
				DEVELOPMENT_TEAM = 3JVSXR75A5;
				INFOPLIST_FILE = newsApp/Info.plist;
				LD_RUNPATH_SEARCH_PATHS = (
					"$(inherited)",
					"@executable_path/Frameworks",
				);
				PRODUCT_BUNDLE_IDENTIFIER = com.garofalo.newsApp;
				PRODUCT_NAME = "$(TARGET_NAME)";
				SWIFT_VERSION = 5.0;
				TARGETED_DEVICE_FAMILY = "1,2";
			};
			name = Release;
		};
/* End XCBuildConfiguration section */

/* Begin XCConfigurationList section */
		8C494E6C22BAFD170065F5F2 /* Build configuration list for PBXProject "newsApp" */ = {
			isa = XCConfigurationList;
			buildConfigurations = (
				8C494E8322BAFD190065F5F2 /* Debug */,
				8C494E8422BAFD190065F5F2 /* Release */,
			);
			defaultConfigurationIsVisible = 0;
			defaultConfigurationName = Release;
		};
		8C494E8522BAFD190065F5F2 /* Build configuration list for PBXNativeTarget "newsApp" */ = {
			isa = XCConfigurationList;
			buildConfigurations = (
				8C494E8622BAFD190065F5F2 /* Debug */,
				8C494E8722BAFD190065F5F2 /* Release */,
			);
			defaultConfigurationIsVisible = 0;
			defaultConfigurationName = Release;
		};
/* End XCConfigurationList section */
	};
	rootObject = 8C494E6922BAFD170065F5F2 /* Project object */;
}
